
Microsoft Visual Studio Solution File, Format Version 12.00
# Visual Studio Version 17
VisualStudioVersion = 17.9.34728.123
MinimumVisualStudioVersion = 10.0.40219.1
Project("{9A19103F-16F7-4668-BE54-9A1E7A4F7556}") = "JsonPropertyNameResolving", "JsonPropertyNameResolving\JsonPropertyNameResolving.csproj", "{16BD1467-D5B4-4445-B22A-67A8EBEE197B}"
EndProject
Project("{FAE04EC0-301F-11D3-BF4B-00C04F79EFBC}") = "ConditionStringToLinqExpressionConverter", "ConditionStringToLinqExpressionConverter\ConditionStringToLinqExpressionConverter.csproj", "{2F54FA32-DF71-4667-AC98-D284A30B3AC6}"
EndProject
Global
	GlobalSection(SolutionConfigurationPlatforms) = preSolution
		Debug|Any CPU = Debug|Any CPU
		Release|Any CPU = Release|Any CPU
	EndGlobalSection
	GlobalSection(ProjectConfigurationPlatforms) = postSolution
		{16BD1467-D5B4-4445-B22A-67A8EBEE197B}.Debug|Any CPU.ActiveCfg = Debug|Any CPU
		{16BD1467-D5B4-4445-B22A-67A8EBEE197B}.Debug|Any CPU.Build.0 = Debug|Any CPU
		{16BD1467-D5B4-4445-B22A-67A8EBEE197B}.Release|Any CPU.ActiveCfg = Release|Any CPU
		{16BD1467-D5B4-4445-B22A-67A8EBEE197B}.Release|Any CPU.Build.0 = Release|Any CPU
		{2F54FA32-DF71-4667-AC98-D284A30B3AC6}.Debug|Any CPU.ActiveCfg = Debug|Any CPU
		{2F54FA32-DF71-4667-AC98-D284A30B3AC6}.Debug|Any CPU.Build.0 = Debug|Any CPU
		{2F54FA32-DF71-4667-AC98-D284A30B3AC6}.Release|Any CPU.ActiveCfg = Release|Any CPU
		{2F54FA32-DF71-4667-AC98-D284A30B3AC6}.Release|Any CPU.Build.0 = Release|Any CPU
	EndGlobalSection
	GlobalSection(SolutionProperties) = preSolution
		HideSolutionNode = FALSE
	EndGlobalSection
	GlobalSection(ExtensibilityGlobals) = postSolution
		SolutionGuid = {471D22F3-99B0-4219-9F34-F117F28D311B}
	EndGlobalSection
EndGlobal
